// !$*UTF8*$!
{
	archiveVersion = 1;
	classes = {
	};
	objectVersion = 46;
	objects = {

/* Begin PBXBuildFile section */
		7352F7A41D6E08D000EF9B5F /* AppDelegate.swift in Sources */ = {isa = PBXBuildFile; fileRef = 7352F7A31D6E08D000EF9B5F /* AppDelegate.swift */; };
		7352F7A61D6E08D000EF9B5F /* Assets.xcassets in Resources */ = {isa = PBXBuildFile; fileRef = 7352F7A51D6E08D000EF9B5F /* Assets.xcassets */; };
		7352F7A91D6E08D000EF9B5F /* MainMenu.xib in Resources */ = {isa = PBXBuildFile; fileRef = 7352F7A71D6E08D000EF9B5F /* MainMenu.xib */; };
		7352F7B41D6E08D100EF9B5F /* ChessFidgetTests.swift in Sources */ = {isa = PBXBuildFile; fileRef = 7352F7B31D6E08D100EF9B5F /* ChessFidgetTests.swift */; };
		7352F7BF1D6E08D100EF9B5F /* ChessFidgetUITests.swift in Sources */ = {isa = PBXBuildFile; fileRef = 7352F7BE1D6E08D100EF9B5F /* ChessFidgetUITests.swift */; };
		735824BD1D78BDCE0019D7B1 /* CastlingFlags.swift in Sources */ = {isa = PBXBuildFile; fileRef = 735824BC1D78BDCE0019D7B1 /* CastlingFlags.swift */; };
		735824BE1D78BDD30019D7B1 /* CastlingFlags.swift in Sources */ = {isa = PBXBuildFile; fileRef = 735824BC1D78BDCE0019D7B1 /* CastlingFlags.swift */; };
		735824BF1D78BDD40019D7B1 /* CastlingFlags.swift in Sources */ = {isa = PBXBuildFile; fileRef = 735824BC1D78BDCE0019D7B1 /* CastlingFlags.swift */; };
		735824C11D78CA000019D7B1 /* Move.swift in Sources */ = {isa = PBXBuildFile; fileRef = 735824C01D78CA000019D7B1 /* Move.swift */; };
		735824C21D78CA000019D7B1 /* Move.swift in Sources */ = {isa = PBXBuildFile; fileRef = 735824C01D78CA000019D7B1 /* Move.swift */; };
		735824C31D78CA000019D7B1 /* Move.swift in Sources */ = {isa = PBXBuildFile; fileRef = 735824C01D78CA000019D7B1 /* Move.swift */; };
		735824C61D78FFC70019D7B1 /* MoveGenerator.swift in Sources */ = {isa = PBXBuildFile; fileRef = 735824C41D78FFC70019D7B1 /* MoveGenerator.swift */; };
		735824C71D78FFC70019D7B1 /* MoveGenerator.swift in Sources */ = {isa = PBXBuildFile; fileRef = 735824C41D78FFC70019D7B1 /* MoveGenerator.swift */; };
		736C90F31D7F0B5700A9020F /* NSFont+Extensions.swift in Sources */ = {isa = PBXBuildFile; fileRef = 736C90F21D7F0B5700A9020F /* NSFont+Extensions.swift */; };
		736C90F41D7F0B5700A9020F /* NSFont+Extensions.swift in Sources */ = {isa = PBXBuildFile; fileRef = 736C90F21D7F0B5700A9020F /* NSFont+Extensions.swift */; };
		736C90FB1D7F22DD00A9020F /* PromotionSheetController.swift in Sources */ = {isa = PBXBuildFile; fileRef = 736C90F91D7F22DD00A9020F /* PromotionSheetController.swift */; };
		736C90FC1D7F22DD00A9020F /* PromotionSheetController.swift in Sources */ = {isa = PBXBuildFile; fileRef = 736C90F91D7F22DD00A9020F /* PromotionSheetController.swift */; };
		736C90FD1D7F22DD00A9020F /* PromotionSheetController.xib in Resources */ = {isa = PBXBuildFile; fileRef = 736C90FA1D7F22DD00A9020F /* PromotionSheetController.xib */; };
		736C90FE1D7F22DD00A9020F /* PromotionSheetController.xib in Resources */ = {isa = PBXBuildFile; fileRef = 736C90FA1D7F22DD00A9020F /* PromotionSheetController.xib */; };
		737EE93A1D75CC1F00B5144B /* Piece.swift in Sources */ = {isa = PBXBuildFile; fileRef = 737EE9391D75CC1F00B5144B /* Piece.swift */; };
		737EE93B1D75CC1F00B5144B /* Piece.swift in Sources */ = {isa = PBXBuildFile; fileRef = 737EE9391D75CC1F00B5144B /* Piece.swift */; };
		737EE93C1D75CC1F00B5144B /* Piece.swift in Sources */ = {isa = PBXBuildFile; fileRef = 737EE9391D75CC1F00B5144B /* Piece.swift */; };
		73830B301D79994700259FD2 /* MoveGenerator.swift in Sources */ = {isa = PBXBuildFile; fileRef = 735824C41D78FFC70019D7B1 /* MoveGenerator.swift */; };
		73963DF11D6E608D00C9D78B /* GameWindowController.swift in Sources */ = {isa = PBXBuildFile; fileRef = 73963DEF1D6E608D00C9D78B /* GameWindowController.swift */; };
		73963DF21D6E608D00C9D78B /* GameWindowController.swift in Sources */ = {isa = PBXBuildFile; fileRef = 73963DEF1D6E608D00C9D78B /* GameWindowController.swift */; };
		73963DF31D6E608D00C9D78B /* GameWindowController.xib in Resources */ = {isa = PBXBuildFile; fileRef = 73963DF01D6E608D00C9D78B /* GameWindowController.xib */; };
		73963DF41D6E608D00C9D78B /* GameWindowController.xib in Resources */ = {isa = PBXBuildFile; fileRef = 73963DF01D6E608D00C9D78B /* GameWindowController.xib */; };
		73963DF91D6E630C00C9D78B /* BoardView.swift in Sources */ = {isa = PBXBuildFile; fileRef = 73963DF61D6E630C00C9D78B /* BoardView.swift */; };
		73963DFA1D6E630C00C9D78B /* BoardView.swift in Sources */ = {isa = PBXBuildFile; fileRef = 73963DF61D6E630C00C9D78B /* BoardView.swift */; };
		73963DFB1D6E630C00C9D78B /* BoardViewController.swift in Sources */ = {isa = PBXBuildFile; fileRef = 73963DF71D6E630C00C9D78B /* BoardViewController.swift */; };
		73963DFC1D6E630C00C9D78B /* BoardViewController.swift in Sources */ = {isa = PBXBuildFile; fileRef = 73963DF71D6E630C00C9D78B /* BoardViewController.swift */; };
		73963DFD1D6E630C00C9D78B /* BoardViewController.xib in Resources */ = {isa = PBXBuildFile; fileRef = 73963DF81D6E630C00C9D78B /* BoardViewController.xib */; };
		73963DFE1D6E630C00C9D78B /* BoardViewController.xib in Resources */ = {isa = PBXBuildFile; fileRef = 73963DF81D6E630C00C9D78B /* BoardViewController.xib */; };
		73963E001D6E6DB700C9D78B /* PieceIconSet.swift in Sources */ = {isa = PBXBuildFile; fileRef = 73963DFF1D6E6DB700C9D78B /* PieceIconSet.swift */; };
		73963E261D6E745E00C9D78B /* PieceIconSet.swift in Sources */ = {isa = PBXBuildFile; fileRef = 73963DFF1D6E6DB700C9D78B /* PieceIconSet.swift */; };
		73963E371D6E833800C9D78B /* bb.png in Resources */ = {isa = PBXBuildFile; fileRef = 73963E2B1D6E833800C9D78B /* bb.png */; };
		73963E381D6E833800C9D78B /* bb.png in Resources */ = {isa = PBXBuildFile; fileRef = 73963E2B1D6E833800C9D78B /* bb.png */; };
		73963E391D6E833800C9D78B /* bk.png in Resources */ = {isa = PBXBuildFile; fileRef = 73963E2C1D6E833800C9D78B /* bk.png */; };
		73963E3A1D6E833800C9D78B /* bk.png in Resources */ = {isa = PBXBuildFile; fileRef = 73963E2C1D6E833800C9D78B /* bk.png */; };
		73963E3B1D6E833800C9D78B /* bn.png in Resources */ = {isa = PBXBuildFile; fileRef = 73963E2D1D6E833800C9D78B /* bn.png */; };
		73963E3C1D6E833800C9D78B /* bn.png in Resources */ = {isa = PBXBuildFile; fileRef = 73963E2D1D6E833800C9D78B /* bn.png */; };
		73963E3D1D6E833800C9D78B /* bp.png in Resources */ = {isa = PBXBuildFile; fileRef = 73963E2E1D6E833800C9D78B /* bp.png */; };
		73963E3E1D6E833800C9D78B /* bp.png in Resources */ = {isa = PBXBuildFile; fileRef = 73963E2E1D6E833800C9D78B /* bp.png */; };
		73963E3F1D6E833800C9D78B /* bq.png in Resources */ = {isa = PBXBuildFile; fileRef = 73963E2F1D6E833800C9D78B /* bq.png */; };
		73963E401D6E833800C9D78B /* bq.png in Resources */ = {isa = PBXBuildFile; fileRef = 73963E2F1D6E833800C9D78B /* bq.png */; };
		73963E411D6E833800C9D78B /* br.png in Resources */ = {isa = PBXBuildFile; fileRef = 73963E301D6E833800C9D78B /* br.png */; };
		73963E421D6E833800C9D78B /* br.png in Resources */ = {isa = PBXBuildFile; fileRef = 73963E301D6E833800C9D78B /* br.png */; };
		73963E431D6E833800C9D78B /* wb.png in Resources */ = {isa = PBXBuildFile; fileRef = 73963E311D6E833800C9D78B /* wb.png */; };
		73963E441D6E833800C9D78B /* wb.png in Resources */ = {isa = PBXBuildFile; fileRef = 73963E311D6E833800C9D78B /* wb.png */; };
		73963E451D6E833800C9D78B /* wk.png in Resources */ = {isa = PBXBuildFile; fileRef = 73963E321D6E833800C9D78B /* wk.png */; };
		73963E461D6E833800C9D78B /* wk.png in Resources */ = {isa = PBXBuildFile; fileRef = 73963E321D6E833800C9D78B /* wk.png */; };
		73963E471D6E833800C9D78B /* wn.png in Resources */ = {isa = PBXBuildFile; fileRef = 73963E331D6E833800C9D78B /* wn.png */; };
		73963E481D6E833800C9D78B /* wn.png in Resources */ = {isa = PBXBuildFile; fileRef = 73963E331D6E833800C9D78B /* wn.png */; };
		73963E491D6E833800C9D78B /* wp.png in Resources */ = {isa = PBXBuildFile; fileRef = 73963E341D6E833800C9D78B /* wp.png */; };
		73963E4A1D6E833800C9D78B /* wp.png in Resources */ = {isa = PBXBuildFile; fileRef = 73963E341D6E833800C9D78B /* wp.png */; };
		73963E4B1D6E833800C9D78B /* wq.png in Resources */ = {isa = PBXBuildFile; fileRef = 73963E351D6E833800C9D78B /* wq.png */; };
		73963E4C1D6E833800C9D78B /* wq.png in Resources */ = {isa = PBXBuildFile; fileRef = 73963E351D6E833800C9D78B /* wq.png */; };
		73963E4D1D6E833800C9D78B /* wr.png in Resources */ = {isa = PBXBuildFile; fileRef = 73963E361D6E833800C9D78B /* wr.png */; };
		73963E4E1D6E833800C9D78B /* wr.png in Resources */ = {isa = PBXBuildFile; fileRef = 73963E361D6E833800C9D78B /* wr.png */; };
		73963E501D6E837A00C9D78B /* _about.md in Resources */ = {isa = PBXBuildFile; fileRef = 73963E4F1D6E837A00C9D78B /* _about.md */; };
		73963E511D6E837A00C9D78B /* _about.md in Resources */ = {isa = PBXBuildFile; fileRef = 73963E4F1D6E837A00C9D78B /* _about.md */; };
		73963E551D6FC07E00C9D78B /* NSRect+Extensions.swift in Sources */ = {isa = PBXBuildFile; fileRef = 73963E541D6FC07E00C9D78B /* NSRect+Extensions.swift */; };
		73963E561D6FC07E00C9D78B /* NSRect+Extensions.swift in Sources */ = {isa = PBXBuildFile; fileRef = 73963E541D6FC07E00C9D78B /* NSRect+Extensions.swift */; };
		73963E571D6FC07E00C9D78B /* NSRect+Extensions.swift in Sources */ = {isa = PBXBuildFile; fileRef = 73963E541D6FC07E00C9D78B /* NSRect+Extensions.swift */; };
		73963E591D6FC51600C9D78B /* Position.swift in Sources */ = {isa = PBXBuildFile; fileRef = 73963E581D6FC51600C9D78B /* Position.swift */; };
		73963E5A1D6FC51600C9D78B /* Position.swift in Sources */ = {isa = PBXBuildFile; fileRef = 73963E581D6FC51600C9D78B /* Position.swift */; };
		73963E5B1D6FC51600C9D78B /* Position.swift in Sources */ = {isa = PBXBuildFile; fileRef = 73963E581D6FC51600C9D78B /* Position.swift */; };
		73963E651D6FC57000C9D78B /* Game.swift in Sources */ = {isa = PBXBuildFile; fileRef = 73963E641D6FC57000C9D78B /* Game.swift */; };
		73963E661D6FC57000C9D78B /* Game.swift in Sources */ = {isa = PBXBuildFile; fileRef = 73963E641D6FC57000C9D78B /* Game.swift */; };
		73963E671D6FC57000C9D78B /* Game.swift in Sources */ = {isa = PBXBuildFile; fileRef = 73963E641D6FC57000C9D78B /* Game.swift */; };
		73963E691D6FC58E00C9D78B /* Square.swift in Sources */ = {isa = PBXBuildFile; fileRef = 73963E681D6FC58E00C9D78B /* Square.swift */; };
		73963E6A1D6FC58E00C9D78B /* Square.swift in Sources */ = {isa = PBXBuildFile; fileRef = 73963E681D6FC58E00C9D78B /* Square.swift */; };
		73963E6B1D6FC58E00C9D78B /* Square.swift in Sources */ = {isa = PBXBuildFile; fileRef = 73963E681D6FC58E00C9D78B /* Square.swift */; };
		73C1D7861D77B8FC00E91F30 /* MoveValidator.swift in Sources */ = {isa = PBXBuildFile; fileRef = 73C1D7851D77B8FC00E91F30 /* MoveValidator.swift */; };
		73C1D7871D77B8FC00E91F30 /* MoveValidator.swift in Sources */ = {isa = PBXBuildFile; fileRef = 73C1D7851D77B8FC00E91F30 /* MoveValidator.swift */; };
		73C1D7881D77B8FC00E91F30 /* MoveValidator.swift in Sources */ = {isa = PBXBuildFile; fileRef = 73C1D7851D77B8FC00E91F30 /* MoveValidator.swift */; };
		73E31C1A1D74B8FF0013A33D /* Board.swift in Sources */ = {isa = PBXBuildFile; fileRef = 73E31C191D74B8FF0013A33D /* Board.swift */; };
		73E31C1B1D74B8FF0013A33D /* Board.swift in Sources */ = {isa = PBXBuildFile; fileRef = 73E31C191D74B8FF0013A33D /* Board.swift */; };
		73E31C1C1D74B8FF0013A33D /* Board.swift in Sources */ = {isa = PBXBuildFile; fileRef = 73E31C191D74B8FF0013A33D /* Board.swift */; };
/* End PBXBuildFile section */

/* Begin PBXContainerItemProxy section */
		7352F7B01D6E08D100EF9B5F /* PBXContainerItemProxy */ = {
			isa = PBXContainerItemProxy;
			containerPortal = 7352F7981D6E08D000EF9B5F /* Project object */;
			proxyType = 1;
			remoteGlobalIDString = 7352F79F1D6E08D000EF9B5F;
			remoteInfo = ChessFidget;
		};
		7352F7BB1D6E08D100EF9B5F /* PBXContainerItemProxy */ = {
			isa = PBXContainerItemProxy;
			containerPortal = 7352F7981D6E08D000EF9B5F /* Project object */;
			proxyType = 1;
			remoteGlobalIDString = 7352F79F1D6E08D000EF9B5F;
			remoteInfo = ChessFidget;
		};
/* End PBXContainerItemProxy section */

/* Begin PBXFileReference section */
		7352F7A01D6E08D000EF9B5F /* ChessFidget.app */ = {isa = PBXFileReference; explicitFileType = wrapper.application; includeInIndex = 0; path = ChessFidget.app; sourceTree = BUILT_PRODUCTS_DIR; };
		7352F7A31D6E08D000EF9B5F /* AppDelegate.swift */ = {isa = PBXFileReference; lastKnownFileType = sourcecode.swift; path = AppDelegate.swift; sourceTree = "<group>"; };
		7352F7A51D6E08D000EF9B5F /* Assets.xcassets */ = {isa = PBXFileReference; lastKnownFileType = folder.assetcatalog; path = Assets.xcassets; sourceTree = "<group>"; };
		7352F7A81D6E08D000EF9B5F /* Base */ = {isa = PBXFileReference; lastKnownFileType = file.xib; name = Base; path = Base.lproj/MainMenu.xib; sourceTree = "<group>"; };
		7352F7AA1D6E08D000EF9B5F /* Info.plist */ = {isa = PBXFileReference; lastKnownFileType = text.plist.xml; path = Info.plist; sourceTree = "<group>"; };
		7352F7AF1D6E08D100EF9B5F /* ChessFidgetTests.xctest */ = {isa = PBXFileReference; explicitFileType = wrapper.cfbundle; includeInIndex = 0; path = ChessFidgetTests.xctest; sourceTree = BUILT_PRODUCTS_DIR; };
		7352F7B31D6E08D100EF9B5F /* ChessFidgetTests.swift */ = {isa = PBXFileReference; lastKnownFileType = sourcecode.swift; path = ChessFidgetTests.swift; sourceTree = "<group>"; };
		7352F7B51D6E08D100EF9B5F /* Info.plist */ = {isa = PBXFileReference; lastKnownFileType = text.plist.xml; path = Info.plist; sourceTree = "<group>"; };
		7352F7BA1D6E08D100EF9B5F /* ChessFidgetUITests.xctest */ = {isa = PBXFileReference; explicitFileType = wrapper.cfbundle; includeInIndex = 0; path = ChessFidgetUITests.xctest; sourceTree = BUILT_PRODUCTS_DIR; };
		7352F7BE1D6E08D100EF9B5F /* ChessFidgetUITests.swift */ = {isa = PBXFileReference; lastKnownFileType = sourcecode.swift; path = ChessFidgetUITests.swift; sourceTree = "<group>"; };
		7352F7C01D6E08D100EF9B5F /* Info.plist */ = {isa = PBXFileReference; lastKnownFileType = text.plist.xml; path = Info.plist; sourceTree = "<group>"; };
		735824BC1D78BDCE0019D7B1 /* CastlingFlags.swift */ = {isa = PBXFileReference; fileEncoding = 4; lastKnownFileType = sourcecode.swift; path = CastlingFlags.swift; sourceTree = "<group>"; };
		735824C01D78CA000019D7B1 /* Move.swift */ = {isa = PBXFileReference; fileEncoding = 4; lastKnownFileType = sourcecode.swift; path = Move.swift; sourceTree = "<group>"; };
		735824C41D78FFC70019D7B1 /* MoveGenerator.swift */ = {isa = PBXFileReference; fileEncoding = 4; lastKnownFileType = sourcecode.swift; path = MoveGenerator.swift; sourceTree = "<group>"; };
		736C90F21D7F0B5700A9020F /* NSFont+Extensions.swift */ = {isa = PBXFileReference; fileEncoding = 4; lastKnownFileType = sourcecode.swift; path = "NSFont+Extensions.swift"; sourceTree = "<group>"; };
		736C90F91D7F22DD00A9020F /* PromotionSheetController.swift */ = {isa = PBXFileReference; fileEncoding = 4; lastKnownFileType = sourcecode.swift; path = PromotionSheetController.swift; sourceTree = "<group>"; };
		736C90FA1D7F22DD00A9020F /* PromotionSheetController.xib */ = {isa = PBXFileReference; fileEncoding = 4; lastKnownFileType = file.xib; path = PromotionSheetController.xib; sourceTree = "<group>"; };
		737EE9391D75CC1F00B5144B /* Piece.swift */ = {isa = PBXFileReference; fileEncoding = 4; lastKnownFileType = sourcecode.swift; path = Piece.swift; sourceTree = "<group>"; };
		73963DEF1D6E608D00C9D78B /* GameWindowController.swift */ = {isa = PBXFileReference; fileEncoding = 4; lastKnownFileType = sourcecode.swift; path = GameWindowController.swift; sourceTree = "<group>"; };
		73963DF01D6E608D00C9D78B /* GameWindowController.xib */ = {isa = PBXFileReference; fileEncoding = 4; lastKnownFileType = file.xib; path = GameWindowController.xib; sourceTree = "<group>"; };
		73963DF61D6E630C00C9D78B /* BoardView.swift */ = {isa = PBXFileReference; fileEncoding = 4; lastKnownFileType = sourcecode.swift; path = BoardView.swift; sourceTree = "<group>"; };
		73963DF71D6E630C00C9D78B /* BoardViewController.swift */ = {isa = PBXFileReference; fileEncoding = 4; lastKnownFileType = sourcecode.swift; path = BoardViewController.swift; sourceTree = "<group>"; };
		73963DF81D6E630C00C9D78B /* BoardViewController.xib */ = {isa = PBXFileReference; fileEncoding = 4; lastKnownFileType = file.xib; path = BoardViewController.xib; sourceTree = "<group>"; };
		73963DFF1D6E6DB700C9D78B /* PieceIconSet.swift */ = {isa = PBXFileReference; fileEncoding = 4; lastKnownFileType = sourcecode.swift; path = PieceIconSet.swift; sourceTree = "<group>"; };
		73963E2B1D6E833800C9D78B /* bb.png */ = {isa = PBXFileReference; lastKnownFileType = image.png; path = bb.png; sourceTree = "<group>"; };
		73963E2C1D6E833800C9D78B /* bk.png */ = {isa = PBXFileReference; lastKnownFileType = image.png; path = bk.png; sourceTree = "<group>"; };
		73963E2D1D6E833800C9D78B /* bn.png */ = {isa = PBXFileReference; lastKnownFileType = image.png; path = bn.png; sourceTree = "<group>"; };
		73963E2E1D6E833800C9D78B /* bp.png */ = {isa = PBXFileReference; lastKnownFileType = image.png; path = bp.png; sourceTree = "<group>"; };
		73963E2F1D6E833800C9D78B /* bq.png */ = {isa = PBXFileReference; lastKnownFileType = image.png; path = bq.png; sourceTree = "<group>"; };
		73963E301D6E833800C9D78B /* br.png */ = {isa = PBXFileReference; lastKnownFileType = image.png; path = br.png; sourceTree = "<group>"; };
		73963E311D6E833800C9D78B /* wb.png */ = {isa = PBXFileReference; lastKnownFileType = image.png; path = wb.png; sourceTree = "<group>"; };
		73963E321D6E833800C9D78B /* wk.png */ = {isa = PBXFileReference; lastKnownFileType = image.png; path = wk.png; sourceTree = "<group>"; };
		73963E331D6E833800C9D78B /* wn.png */ = {isa = PBXFileReference; lastKnownFileType = image.png; path = wn.png; sourceTree = "<group>"; };
		73963E341D6E833800C9D78B /* wp.png */ = {isa = PBXFileReference; lastKnownFileType = image.png; path = wp.png; sourceTree = "<group>"; };
		73963E351D6E833800C9D78B /* wq.png */ = {isa = PBXFileReference; lastKnownFileType = image.png; path = wq.png; sourceTree = "<group>"; };
		73963E361D6E833800C9D78B /* wr.png */ = {isa = PBXFileReference; lastKnownFileType = image.png; path = wr.png; sourceTree = "<group>"; };
		73963E4F1D6E837A00C9D78B /* _about.md */ = {isa = PBXFileReference; fileEncoding = 4; lastKnownFileType = net.daringfireball.markdown; path = _about.md; sourceTree = "<group>"; };
		73963E541D6FC07E00C9D78B /* NSRect+Extensions.swift */ = {isa = PBXFileReference; fileEncoding = 4; lastKnownFileType = sourcecode.swift; path = "NSRect+Extensions.swift"; sourceTree = "<group>"; };
		73963E581D6FC51600C9D78B /* Position.swift */ = {isa = PBXFileReference; fileEncoding = 4; lastKnownFileType = sourcecode.swift; path = Position.swift; sourceTree = "<group>"; };
		73963E641D6FC57000C9D78B /* Game.swift */ = {isa = PBXFileReference; fileEncoding = 4; lastKnownFileType = sourcecode.swift; path = Game.swift; sourceTree = "<group>"; };
		73963E681D6FC58E00C9D78B /* Square.swift */ = {isa = PBXFileReference; fileEncoding = 4; lastKnownFileType = sourcecode.swift; path = Square.swift; sourceTree = "<group>"; };
		73C1D7851D77B8FC00E91F30 /* MoveValidator.swift */ = {isa = PBXFileReference; fileEncoding = 4; lastKnownFileType = sourcecode.swift; path = MoveValidator.swift; sourceTree = "<group>"; };
		73E31C191D74B8FF0013A33D /* Board.swift */ = {isa = PBXFileReference; fileEncoding = 4; lastKnownFileType = sourcecode.swift; path = Board.swift; sourceTree = "<group>"; };
/* End PBXFileReference section */

/* Begin PBXFrameworksBuildPhase section */
		7352F79D1D6E08D000EF9B5F /* Frameworks */ = {
			isa = PBXFrameworksBuildPhase;
			buildActionMask = 2147483647;
			files = (
			);
			runOnlyForDeploymentPostprocessing = 0;
		};
		7352F7AC1D6E08D100EF9B5F /* Frameworks */ = {
			isa = PBXFrameworksBuildPhase;
			buildActionMask = 2147483647;
			files = (
			);
			runOnlyForDeploymentPostprocessing = 0;
		};
		7352F7B71D6E08D100EF9B5F /* Frameworks */ = {
			isa = PBXFrameworksBuildPhase;
			buildActionMask = 2147483647;
			files = (
			);
			runOnlyForDeploymentPostprocessing = 0;
		};
/* End PBXFrameworksBuildPhase section */

/* Begin PBXGroup section */
		7352F7971D6E08D000EF9B5F = {
			isa = PBXGroup;
			children = (
				7352F7A21D6E08D000EF9B5F /* ChessFidget */,
				7352F7B21D6E08D100EF9B5F /* ChessFidgetTests */,
				7352F7BD1D6E08D100EF9B5F /* ChessFidgetUITests */,
				7352F7A11D6E08D000EF9B5F /* Products */,
			);
			sourceTree = "<group>";
		};
		7352F7A11D6E08D000EF9B5F /* Products */ = {
			isa = PBXGroup;
			children = (
				7352F7A01D6E08D000EF9B5F /* ChessFidget.app */,
				7352F7AF1D6E08D100EF9B5F /* ChessFidgetTests.xctest */,
				7352F7BA1D6E08D100EF9B5F /* ChessFidgetUITests.xctest */,
			);
			name = Products;
			sourceTree = "<group>";
		};
		7352F7A21D6E08D000EF9B5F /* ChessFidget */ = {
			isa = PBXGroup;
			children = (
				7352F7A31D6E08D000EF9B5F /* AppDelegate.swift */,
				73963E531D6FC06700C9D78B /* Utilities */,
				7352F7CC1D6E158F00EF9B5F /* Model */,
				73963DEE1D6E607600C9D78B /* GameWindow */,
				73963DF51D6E630C00C9D78B /* BoardView */,
				736C90F81D7F22AB00A9020F /* PromotionWindow */,
				7352F7A51D6E08D000EF9B5F /* Assets.xcassets */,
				7352F7A71D6E08D000EF9B5F /* MainMenu.xib */,
				7352F7AA1D6E08D000EF9B5F /* Info.plist */,
			);
			path = ChessFidget;
			sourceTree = "<group>";
		};
		7352F7B21D6E08D100EF9B5F /* ChessFidgetTests */ = {
			isa = PBXGroup;
			children = (
				7352F7B31D6E08D100EF9B5F /* ChessFidgetTests.swift */,
				7352F7B51D6E08D100EF9B5F /* Info.plist */,
			);
			path = ChessFidgetTests;
			sourceTree = "<group>";
		};
		7352F7BD1D6E08D100EF9B5F /* ChessFidgetUITests */ = {
			isa = PBXGroup;
			children = (
				7352F7BE1D6E08D100EF9B5F /* ChessFidgetUITests.swift */,
				7352F7C01D6E08D100EF9B5F /* Info.plist */,
			);
			path = ChessFidgetUITests;
			sourceTree = "<group>";
		};
		7352F7CC1D6E158F00EF9B5F /* Model */ = {
			isa = PBXGroup;
			children = (
				73963E681D6FC58E00C9D78B /* Square.swift */,
				737EE9391D75CC1F00B5144B /* Piece.swift */,
				735824C01D78CA000019D7B1 /* Move.swift */,
				73E31C191D74B8FF0013A33D /* Board.swift */,
				735824BC1D78BDCE0019D7B1 /* CastlingFlags.swift */,
				73963E581D6FC51600C9D78B /* Position.swift */,
				735824C41D78FFC70019D7B1 /* MoveGenerator.swift */,
				73C1D7851D77B8FC00E91F30 /* MoveValidator.swift */,
				73963E641D6FC57000C9D78B /* Game.swift */,
			);
			path = Model;
			sourceTree = "<group>";
		};
		736C90F81D7F22AB00A9020F /* PromotionWindow */ = {
			isa = PBXGroup;
			children = (
				736C90F91D7F22DD00A9020F /* PromotionSheetController.swift */,
				736C90FA1D7F22DD00A9020F /* PromotionSheetController.xib */,
			);
			path = PromotionWindow;
			sourceTree = "<group>";
		};
		73963DEE1D6E607600C9D78B /* GameWindow */ = {
			isa = PBXGroup;
			children = (
				73963DEF1D6E608D00C9D78B /* GameWindowController.swift */,
				73963DF01D6E608D00C9D78B /* GameWindowController.xib */,
			);
			path = GameWindow;
			sourceTree = "<group>";
		};
		73963DF51D6E630C00C9D78B /* BoardView */ = {
			isa = PBXGroup;
			children = (
				73963E2A1D6E82BB00C9D78B /* Piece Icons */,
				73963DF61D6E630C00C9D78B /* BoardView.swift */,
				73963DF71D6E630C00C9D78B /* BoardViewController.swift */,
				73963DF81D6E630C00C9D78B /* BoardViewController.xib */,
				73963DFF1D6E6DB700C9D78B /* PieceIconSet.swift */,
			);
			path = BoardView;
			sourceTree = "<group>";
		};
		73963E2A1D6E82BB00C9D78B /* Piece Icons */ = {
			isa = PBXGroup;
			children = (
				73963E4F1D6E837A00C9D78B /* _about.md */,
				73963E2B1D6E833800C9D78B /* bb.png */,
				73963E2C1D6E833800C9D78B /* bk.png */,
				73963E2D1D6E833800C9D78B /* bn.png */,
				73963E2E1D6E833800C9D78B /* bp.png */,
				73963E2F1D6E833800C9D78B /* bq.png */,
				73963E301D6E833800C9D78B /* br.png */,
				73963E311D6E833800C9D78B /* wb.png */,
				73963E321D6E833800C9D78B /* wk.png */,
				73963E331D6E833800C9D78B /* wn.png */,
				73963E341D6E833800C9D78B /* wp.png */,
				73963E351D6E833800C9D78B /* wq.png */,
				73963E361D6E833800C9D78B /* wr.png */,
			);
			name = "Piece Icons";
			path = "ChessFidget/Piece Icons";
			sourceTree = SOURCE_ROOT;
		};
		73963E531D6FC06700C9D78B /* Utilities */ = {
			isa = PBXGroup;
			children = (
				73963E541D6FC07E00C9D78B /* NSRect+Extensions.swift */,
				736C90F21D7F0B5700A9020F /* NSFont+Extensions.swift */,
			);
			path = Utilities;
			sourceTree = "<group>";
		};
/* End PBXGroup section */

/* Begin PBXNativeTarget section */
		7352F79F1D6E08D000EF9B5F /* ChessFidget */ = {
			isa = PBXNativeTarget;
			buildConfigurationList = 7352F7C31D6E08D100EF9B5F /* Build configuration list for PBXNativeTarget "ChessFidget" */;
			buildPhases = (
				7352F79C1D6E08D000EF9B5F /* Sources */,
				7352F79D1D6E08D000EF9B5F /* Frameworks */,
				7352F79E1D6E08D000EF9B5F /* Resources */,
			);
			buildRules = (
			);
			dependencies = (
			);
			name = ChessFidget;
			productName = ChessFidget;
			productReference = 7352F7A01D6E08D000EF9B5F /* ChessFidget.app */;
			productType = "com.apple.product-type.application";
		};
		7352F7AE1D6E08D100EF9B5F /* ChessFidgetTests */ = {
			isa = PBXNativeTarget;
			buildConfigurationList = 7352F7C61D6E08D100EF9B5F /* Build configuration list for PBXNativeTarget "ChessFidgetTests" */;
			buildPhases = (
				7352F7AB1D6E08D100EF9B5F /* Sources */,
				7352F7AC1D6E08D100EF9B5F /* Frameworks */,
				7352F7AD1D6E08D100EF9B5F /* Resources */,
			);
			buildRules = (
			);
			dependencies = (
				7352F7B11D6E08D100EF9B5F /* PBXTargetDependency */,
			);
			name = ChessFidgetTests;
			productName = ChessFidgetTests;
			productReference = 7352F7AF1D6E08D100EF9B5F /* ChessFidgetTests.xctest */;
			productType = "com.apple.product-type.bundle.unit-test";
		};
		7352F7B91D6E08D100EF9B5F /* ChessFidgetUITests */ = {
			isa = PBXNativeTarget;
			buildConfigurationList = 7352F7C91D6E08D100EF9B5F /* Build configuration list for PBXNativeTarget "ChessFidgetUITests" */;
			buildPhases = (
				7352F7B61D6E08D100EF9B5F /* Sources */,
				7352F7B71D6E08D100EF9B5F /* Frameworks */,
				7352F7B81D6E08D100EF9B5F /* Resources */,
			);
			buildRules = (
			);
			dependencies = (
				7352F7BC1D6E08D100EF9B5F /* PBXTargetDependency */,
			);
			name = ChessFidgetUITests;
			productName = ChessFidgetUITests;
			productReference = 7352F7BA1D6E08D100EF9B5F /* ChessFidgetUITests.xctest */;
			productType = "com.apple.product-type.bundle.ui-testing";
		};
/* End PBXNativeTarget section */

/* Begin PBXProject section */
		7352F7981D6E08D000EF9B5F /* Project object */ = {
			isa = PBXProject;
			attributes = {
				LastSwiftUpdateCheck = 0800;
				LastUpgradeCheck = 0800;
				ORGANIZATIONNAME = "Andy Lee";
				TargetAttributes = {
					7352F79F1D6E08D000EF9B5F = {
						CreatedOnToolsVersion = 8.0;
						ProvisioningStyle = Automatic;
					};
					7352F7AE1D6E08D100EF9B5F = {
						CreatedOnToolsVersion = 8.0;
						ProvisioningStyle = Automatic;
						TestTargetID = 7352F79F1D6E08D000EF9B5F;
					};
					7352F7B91D6E08D100EF9B5F = {
						CreatedOnToolsVersion = 8.0;
						ProvisioningStyle = Automatic;
						TestTargetID = 7352F79F1D6E08D000EF9B5F;
					};
				};
			};
			buildConfigurationList = 7352F79B1D6E08D000EF9B5F /* Build configuration list for PBXProject "ChessFidget" */;
			compatibilityVersion = "Xcode 3.2";
			developmentRegion = English;
			hasScannedForEncodings = 0;
			knownRegions = (
				en,
				Base,
			);
			mainGroup = 7352F7971D6E08D000EF9B5F;
			productRefGroup = 7352F7A11D6E08D000EF9B5F /* Products */;
			projectDirPath = "";
			projectRoot = "";
			targets = (
				7352F79F1D6E08D000EF9B5F /* ChessFidget */,
				7352F7AE1D6E08D100EF9B5F /* ChessFidgetTests */,
				7352F7B91D6E08D100EF9B5F /* ChessFidgetUITests */,
			);
		};
/* End PBXProject section */

/* Begin PBXResourcesBuildPhase section */
		7352F79E1D6E08D000EF9B5F /* Resources */ = {
			isa = PBXResourcesBuildPhase;
			buildActionMask = 2147483647;
			files = (
				73963E471D6E833800C9D78B /* wn.png in Resources */,
				73963E371D6E833800C9D78B /* bb.png in Resources */,
				73963E501D6E837A00C9D78B /* _about.md in Resources */,
				73963E4D1D6E833800C9D78B /* wr.png in Resources */,
				73963E3F1D6E833800C9D78B /* bq.png in Resources */,
				7352F7A61D6E08D000EF9B5F /* Assets.xcassets in Resources */,
				73963E431D6E833800C9D78B /* wb.png in Resources */,
				7352F7A91D6E08D000EF9B5F /* MainMenu.xib in Resources */,
				73963E3D1D6E833800C9D78B /* bp.png in Resources */,
				73963E411D6E833800C9D78B /* br.png in Resources */,
				73963E451D6E833800C9D78B /* wk.png in Resources */,
				73963DF31D6E608D00C9D78B /* GameWindowController.xib in Resources */,
				73963E4B1D6E833800C9D78B /* wq.png in Resources */,
				73963E3B1D6E833800C9D78B /* bn.png in Resources */,
				73963E391D6E833800C9D78B /* bk.png in Resources */,
				73963E491D6E833800C9D78B /* wp.png in Resources */,
				73963DFD1D6E630C00C9D78B /* BoardViewController.xib in Resources */,
				736C90FD1D7F22DD00A9020F /* PromotionSheetController.xib in Resources */,
			);
			runOnlyForDeploymentPostprocessing = 0;
		};
		7352F7AD1D6E08D100EF9B5F /* Resources */ = {
			isa = PBXResourcesBuildPhase;
			buildActionMask = 2147483647;
			files = (
			);
			runOnlyForDeploymentPostprocessing = 0;
		};
		7352F7B81D6E08D100EF9B5F /* Resources */ = {
			isa = PBXResourcesBuildPhase;
			buildActionMask = 2147483647;
			files = (
				73963E4C1D6E833800C9D78B /* wq.png in Resources */,
				736C90FE1D7F22DD00A9020F /* PromotionSheetController.xib in Resources */,
				73963E481D6E833800C9D78B /* wn.png in Resources */,
				73963E3C1D6E833800C9D78B /* bn.png in Resources */,
				73963E441D6E833800C9D78B /* wb.png in Resources */,
				73963DF41D6E608D00C9D78B /* GameWindowController.xib in Resources */,
				73963E511D6E837A00C9D78B /* _about.md in Resources */,
				73963E401D6E833800C9D78B /* bq.png in Resources */,
				73963E4E1D6E833800C9D78B /* wr.png in Resources */,
				73963E381D6E833800C9D78B /* bb.png in Resources */,
				73963E461D6E833800C9D78B /* wk.png in Resources */,
				73963E3A1D6E833800C9D78B /* bk.png in Resources */,
				73963E4A1D6E833800C9D78B /* wp.png in Resources */,
				73963E421D6E833800C9D78B /* br.png in Resources */,
				73963DFE1D6E630C00C9D78B /* BoardViewController.xib in Resources */,
				73963E3E1D6E833800C9D78B /* bp.png in Resources */,
			);
			runOnlyForDeploymentPostprocessing = 0;
		};
/* End PBXResourcesBuildPhase section */

/* Begin PBXSourcesBuildPhase section */
		7352F79C1D6E08D000EF9B5F /* Sources */ = {
			isa = PBXSourcesBuildPhase;
			buildActionMask = 2147483647;
			files = (
				73963E691D6FC58E00C9D78B /* Square.swift in Sources */,
				736C90FB1D7F22DD00A9020F /* PromotionSheetController.swift in Sources */,
				73E31C1A1D74B8FF0013A33D /* Board.swift in Sources */,
				73830B301D79994700259FD2 /* MoveGenerator.swift in Sources */,
				73963DF91D6E630C00C9D78B /* BoardView.swift in Sources */,
				73C1D7861D77B8FC00E91F30 /* MoveValidator.swift in Sources */,
				736C90F31D7F0B5700A9020F /* NSFont+Extensions.swift in Sources */,
				73963E551D6FC07E00C9D78B /* NSRect+Extensions.swift in Sources */,
				73963E001D6E6DB700C9D78B /* PieceIconSet.swift in Sources */,
				735824C11D78CA000019D7B1 /* Move.swift in Sources */,
				737EE93A1D75CC1F00B5144B /* Piece.swift in Sources */,
				73963DF11D6E608D00C9D78B /* GameWindowController.swift in Sources */,
				73963E651D6FC57000C9D78B /* Game.swift in Sources */,
				7352F7A41D6E08D000EF9B5F /* AppDelegate.swift in Sources */,
				73963E591D6FC51600C9D78B /* Position.swift in Sources */,
				73963DFB1D6E630C00C9D78B /* BoardViewController.swift in Sources */,
				735824BD1D78BDCE0019D7B1 /* CastlingFlags.swift in Sources */,
			);
			runOnlyForDeploymentPostprocessing = 0;
		};
		7352F7AB1D6E08D100EF9B5F /* Sources */ = {
			isa = PBXSourcesBuildPhase;
			buildActionMask = 2147483647;
			files = (
				73963E6A1D6FC58E00C9D78B /* Square.swift in Sources */,
				73E31C1B1D74B8FF0013A33D /* Board.swift in Sources */,
				735824C21D78CA000019D7B1 /* Move.swift in Sources */,
				735824BE1D78BDD30019D7B1 /* CastlingFlags.swift in Sources */,
				735824C61D78FFC70019D7B1 /* MoveGenerator.swift in Sources */,
				73C1D7871D77B8FC00E91F30 /* MoveValidator.swift in Sources */,
				737EE93B1D75CC1F00B5144B /* Piece.swift in Sources */,
				73963E561D6FC07E00C9D78B /* NSRect+Extensions.swift in Sources */,
				73963E661D6FC57000C9D78B /* Game.swift in Sources */,
				73963E5A1D6FC51600C9D78B /* Position.swift in Sources */,
				7352F7B41D6E08D100EF9B5F /* ChessFidgetTests.swift in Sources */,
			);
			runOnlyForDeploymentPostprocessing = 0;
		};
		7352F7B61D6E08D100EF9B5F /* Sources */ = {
			isa = PBXSourcesBuildPhase;
			buildActionMask = 2147483647;
			files = (
				73963E6B1D6FC58E00C9D78B /* Square.swift in Sources */,
				736C90FC1D7F22DD00A9020F /* PromotionSheetController.swift in Sources */,
				73E31C1C1D74B8FF0013A33D /* Board.swift in Sources */,
				735824C71D78FFC70019D7B1 /* MoveGenerator.swift in Sources */,
				73963DFA1D6E630C00C9D78B /* BoardView.swift in Sources */,
				73C1D7881D77B8FC00E91F30 /* MoveValidator.swift in Sources */,
				736C90F41D7F0B5700A9020F /* NSFont+Extensions.swift in Sources */,
				73963E571D6FC07E00C9D78B /* NSRect+Extensions.swift in Sources */,
				73963E261D6E745E00C9D78B /* PieceIconSet.swift in Sources */,
				735824C31D78CA000019D7B1 /* Move.swift in Sources */,
				737EE93C1D75CC1F00B5144B /* Piece.swift in Sources */,
				73963DF21D6E608D00C9D78B /* GameWindowController.swift in Sources */,
				73963E671D6FC57000C9D78B /* Game.swift in Sources */,
				7352F7BF1D6E08D100EF9B5F /* ChessFidgetUITests.swift in Sources */,
				73963E5B1D6FC51600C9D78B /* Position.swift in Sources */,
				73963DFC1D6E630C00C9D78B /* BoardViewController.swift in Sources */,
				735824BF1D78BDD40019D7B1 /* CastlingFlags.swift in Sources */,
			);
			runOnlyForDeploymentPostprocessing = 0;
		};
/* End PBXSourcesBuildPhase section */

/* Begin PBXTargetDependency section */
		7352F7B11D6E08D100EF9B5F /* PBXTargetDependency */ = {
			isa = PBXTargetDependency;
			target = 7352F79F1D6E08D000EF9B5F /* ChessFidget */;
			targetProxy = 7352F7B01D6E08D100EF9B5F /* PBXContainerItemProxy */;
		};
		7352F7BC1D6E08D100EF9B5F /* PBXTargetDependency */ = {
			isa = PBXTargetDependency;
			target = 7352F79F1D6E08D000EF9B5F /* ChessFidget */;
			targetProxy = 7352F7BB1D6E08D100EF9B5F /* PBXContainerItemProxy */;
		};
/* End PBXTargetDependency section */

/* Begin PBXVariantGroup section */
		7352F7A71D6E08D000EF9B5F /* MainMenu.xib */ = {
			isa = PBXVariantGroup;
			children = (
				7352F7A81D6E08D000EF9B5F /* Base */,
			);
			name = MainMenu.xib;
			sourceTree = "<group>";
		};
/* End PBXVariantGroup section */

/* Begin XCBuildConfiguration section */
		7352F7C11D6E08D100EF9B5F /* Debug */ = {
			isa = XCBuildConfiguration;
			buildSettings = {
				ALWAYS_SEARCH_USER_PATHS = NO;
				CLANG_ANALYZER_NONNULL = YES;
				CLANG_CXX_LANGUAGE_STANDARD = "gnu++0x";
				CLANG_CXX_LIBRARY = "libc++";
				CLANG_ENABLE_MODULES = YES;
				CLANG_ENABLE_OBJC_ARC = YES;
				CLANG_WARN_BOOL_CONVERSION = YES;
				CLANG_WARN_CONSTANT_CONVERSION = YES;
				CLANG_WARN_DIRECT_OBJC_ISA_USAGE = YES_ERROR;
				CLANG_WARN_DOCUMENTATION_COMMENTS = YES;
				CLANG_WARN_EMPTY_BODY = YES;
				CLANG_WARN_ENUM_CONVERSION = YES;
				CLANG_WARN_INFINITE_RECURSION = YES;
				CLANG_WARN_INT_CONVERSION = YES;
				CLANG_WARN_OBJC_ROOT_CLASS = YES_ERROR;
				CLANG_WARN_SUSPICIOUS_MOVES = YES;
				CLANG_WARN_UNREACHABLE_CODE = YES;
				CLANG_WARN__DUPLICATE_METHOD_MATCH = YES;
				CODE_SIGN_IDENTITY = "-";
				COPY_PHASE_STRIP = NO;
				DEBUG_INFORMATION_FORMAT = dwarf;
				ENABLE_STRICT_OBJC_MSGSEND = YES;
				ENABLE_TESTABILITY = YES;
				GCC_C_LANGUAGE_STANDARD = gnu99;
				GCC_DYNAMIC_NO_PIC = NO;
				GCC_NO_COMMON_BLOCKS = YES;
				GCC_OPTIMIZATION_LEVEL = 0;
				GCC_PREPROCESSOR_DEFINITIONS = (
					"DEBUG=1",
					"$(inherited)",
				);
				GCC_WARN_64_TO_32_BIT_CONVERSION = YES;
				GCC_WARN_ABOUT_RETURN_TYPE = YES_ERROR;
				GCC_WARN_UNDECLARED_SELECTOR = YES;
				GCC_WARN_UNINITIALIZED_AUTOS = YES_AGGRESSIVE;
				GCC_WARN_UNUSED_FUNCTION = YES;
				GCC_WARN_UNUSED_VARIABLE = YES;
				MACOSX_DEPLOYMENT_TARGET = 10.11;
				MTL_ENABLE_DEBUG_INFO = YES;
				ONLY_ACTIVE_ARCH = YES;
				SDKROOT = macosx;
				SWIFT_ACTIVE_COMPILATION_CONDITIONS = DEBUG;
				SWIFT_OPTIMIZATION_LEVEL = "-Onone";
			};
			name = Debug;
		};
		7352F7C21D6E08D100EF9B5F /* Release */ = {
			isa = XCBuildConfiguration;
			buildSettings = {
				ALWAYS_SEARCH_USER_PATHS = NO;
				CLANG_ANALYZER_NONNULL = YES;
				CLANG_CXX_LANGUAGE_STANDARD = "gnu++0x";
				CLANG_CXX_LIBRARY = "libc++";
				CLANG_ENABLE_MODULES = YES;
				CLANG_ENABLE_OBJC_ARC = YES;
				CLANG_WARN_BOOL_CONVERSION = YES;
				CLANG_WARN_CONSTANT_CONVERSION = YES;
				CLANG_WARN_DIRECT_OBJC_ISA_USAGE = YES_ERROR;
				CLANG_WARN_DOCUMENTATION_COMMENTS = YES;
				CLANG_WARN_EMPTY_BODY = YES;
				CLANG_WARN_ENUM_CONVERSION = YES;
				CLANG_WARN_INFINITE_RECURSION = YES;
				CLANG_WARN_INT_CONVERSION = YES;
				CLANG_WARN_OBJC_ROOT_CLASS = YES_ERROR;
				CLANG_WARN_SUSPICIOUS_MOVES = YES;
				CLANG_WARN_UNREACHABLE_CODE = YES;
				CLANG_WARN__DUPLICATE_METHOD_MATCH = YES;
				CODE_SIGN_IDENTITY = "-";
				COPY_PHASE_STRIP = NO;
				DEBUG_INFORMATION_FORMAT = "dwarf-with-dsym";
				ENABLE_NS_ASSERTIONS = NO;
				ENABLE_STRICT_OBJC_MSGSEND = YES;
				GCC_C_LANGUAGE_STANDARD = gnu99;
				GCC_NO_COMMON_BLOCKS = YES;
				GCC_WARN_64_TO_32_BIT_CONVERSION = YES;
				GCC_WARN_ABOUT_RETURN_TYPE = YES_ERROR;
				GCC_WARN_UNDECLARED_SELECTOR = YES;
				GCC_WARN_UNINITIALIZED_AUTOS = YES_AGGRESSIVE;
				GCC_WARN_UNUSED_FUNCTION = YES;
				GCC_WARN_UNUSED_VARIABLE = YES;
				MACOSX_DEPLOYMENT_TARGET = 10.11;
				MTL_ENABLE_DEBUG_INFO = NO;
				SDKROOT = macosx;
				SWIFT_OPTIMIZATION_LEVEL = "-Owholemodule";
			};
			name = Release;
		};
		7352F7C41D6E08D100EF9B5F /* Debug */ = {
			isa = XCBuildConfiguration;
			buildSettings = {
				ASSETCATALOG_COMPILER_APPICON_NAME = AppIcon;
				COMBINE_HIDPI_IMAGES = YES;
				INFOPLIST_FILE = ChessFidget/Info.plist;
				LD_RUNPATH_SEARCH_PATHS = "$(inherited) @executable_path/../Frameworks";
				PRODUCT_BUNDLE_IDENTIFIER = com.appkido.ChessFidget;
				PRODUCT_NAME = "$(TARGET_NAME)";
				SWIFT_VERSION = 3.0;
			};
			name = Debug;
		};
		7352F7C51D6E08D100EF9B5F /* Release */ = {
			isa = XCBuildConfiguration;
			buildSettings = {
				ASSETCATALOG_COMPILER_APPICON_NAME = AppIcon;
				COMBINE_HIDPI_IMAGES = YES;
				INFOPLIST_FILE = ChessFidget/Info.plist;
				LD_RUNPATH_SEARCH_PATHS = "$(inherited) @executable_path/../Frameworks";
				PRODUCT_BUNDLE_IDENTIFIER = com.appkido.ChessFidget;
				PRODUCT_NAME = "$(TARGET_NAME)";
				SWIFT_VERSION = 3.0;
			};
			name = Release;
		};
		7352F7C71D6E08D100EF9B5F /* Debug */ = {
			isa = XCBuildConfiguration;
			buildSettings = {
				ALWAYS_EMBED_SWIFT_STANDARD_LIBRARIES = YES;
				BUNDLE_LOADER = "$(TEST_HOST)";
				COMBINE_HIDPI_IMAGES = YES;
				INFOPLIST_FILE = ChessFidgetTests/Info.plist;
				LD_RUNPATH_SEARCH_PATHS = "$(inherited) @executable_path/../Frameworks @loader_path/../Frameworks";
				PRODUCT_BUNDLE_IDENTIFIER = com.appkido.ChessFidgetTests;
				PRODUCT_NAME = "$(TARGET_NAME)";
				SWIFT_VERSION = 3.0;
				TEST_HOST = "$(BUILT_PRODUCTS_DIR)/ChessFidget.app/Contents/MacOS/ChessFidget";
			};
			name = Debug;
		};
		7352F7C81D6E08D100EF9B5F /* Release */ = {
			isa = XCBuildConfiguration;
			buildSettings = {
				ALWAYS_EMBED_SWIFT_STANDARD_LIBRARIES = YES;
				BUNDLE_LOADER = "$(TEST_HOST)";
				COMBINE_HIDPI_IMAGES = YES;
				INFOPLIST_FILE = ChessFidgetTests/Info.plist;
				LD_RUNPATH_SEARCH_PATHS = "$(inherited) @executable_path/../Frameworks @loader_path/../Frameworks";
				PRODUCT_BUNDLE_IDENTIFIER = com.appkido.ChessFidgetTests;
				PRODUCT_NAME = "$(TARGET_NAME)";
				SWIFT_VERSION = 3.0;
				TEST_HOST = "$(BUILT_PRODUCTS_DIR)/ChessFidget.app/Contents/MacOS/ChessFidget";
			};
			name = Release;
		};
		7352F7CA1D6E08D100EF9B5F /* Debug */ = {
			isa = XCBuildConfiguration;
			buildSettings = {
				ALWAYS_EMBED_SWIFT_STANDARD_LIBRARIES = YES;
				COMBINE_HIDPI_IMAGES = YES;
				INFOPLIST_FILE = ChessFidgetUITests/Info.plist;
				LD_RUNPATH_SEARCH_PATHS = "$(inherited) @executable_path/../Frameworks @loader_path/../Frameworks";
				PRODUCT_BUNDLE_IDENTIFIER = com.appkido.ChessFidgetUITests;
				PRODUCT_NAME = "$(TARGET_NAME)";
				SWIFT_VERSION = 3.0;
				TEST_TARGET_NAME = ChessFidget;
			};
			name = Debug;
		};
		7352F7CB1D6E08D100EF9B5F /* Release */ = {
			isa = XCBuildConfiguration;
			buildSettings = {
				ALWAYS_EMBED_SWIFT_STANDARD_LIBRARIES = YES;
				COMBINE_HIDPI_IMAGES = YES;
				INFOPLIST_FILE = ChessFidgetUITests/Info.plist;
				LD_RUNPATH_SEARCH_PATHS = "$(inherited) @executable_path/../Frameworks @loader_path/../Frameworks";
				PRODUCT_BUNDLE_IDENTIFIER = com.appkido.ChessFidgetUITests;
				PRODUCT_NAME = "$(TARGET_NAME)";
				SWIFT_VERSION = 3.0;
				TEST_TARGET_NAME = ChessFidget;
			};
			name = Release;
		};
/* End XCBuildConfiguration section */

/* Begin XCConfigurationList section */
		7352F79B1D6E08D000EF9B5F /* Build configuration list for PBXProject "ChessFidget" */ = {
			isa = XCConfigurationList;
			buildConfigurations = (
				7352F7C11D6E08D100EF9B5F /* Debug */,
				7352F7C21D6E08D100EF9B5F /* Release */,
			);
			defaultConfigurationIsVisible = 0;
			defaultConfigurationName = Release;
		};
		7352F7C31D6E08D100EF9B5F /* Build configuration list for PBXNativeTarget "ChessFidget" */ = {
			isa = XCConfigurationList;
			buildConfigurations = (
				7352F7C41D6E08D100EF9B5F /* Debug */,
				7352F7C51D6E08D100EF9B5F /* Release */,
			);
			defaultConfigurationIsVisible = 0;
			defaultConfigurationName = Release;
		};
		7352F7C61D6E08D100EF9B5F /* Build configuration list for PBXNativeTarget "ChessFidgetTests" */ = {
			isa = XCConfigurationList;
			buildConfigurations = (
				7352F7C71D6E08D100EF9B5F /* Debug */,
				7352F7C81D6E08D100EF9B5F /* Release */,
			);
			defaultConfigurationIsVisible = 0;
			defaultConfigurationName = Release;
		};
		7352F7C91D6E08D100EF9B5F /* Build configuration list for PBXNativeTarget "ChessFidgetUITests" */ = {
			isa = XCConfigurationList;
			buildConfigurations = (
				7352F7CA1D6E08D100EF9B5F /* Debug */,
				7352F7CB1D6E08D100EF9B5F /* Release */,
			);
			defaultConfigurationIsVisible = 0;
			defaultConfigurationName = Release;
		};
/* End XCConfigurationList section */
	};
	rootObject = 7352F7981D6E08D000EF9B5F /* Project object */;
}
